// !$*UTF8*$!
{
	archiveVersion = 1;
	classes = {
	};
	objectVersion = 56;
	objects = {

/* Begin PBXBuildFile section */
		877C7ED62ADC5E950052CF8A /* Exercise6_Nguyen_MinhApp.swift in Sources */ = {isa = PBXBuildFile; fileRef = 877C7ED52ADC5E950052CF8A /* Exercise6_Nguyen_MinhApp.swift */; };
		877C7ED82ADC5E950052CF8A /* ContentView.swift in Sources */ = {isa = PBXBuildFile; fileRef = 877C7ED72ADC5E950052CF8A /* ContentView.swift */; };
		877C7EDA2ADC5E960052CF8A /* Assets.xcassets in Resources */ = {isa = PBXBuildFile; fileRef = 877C7ED92ADC5E960052CF8A /* Assets.xcassets */; };
		877C7EDD2ADC5E960052CF8A /* Preview Assets.xcassets in Resources */ = {isa = PBXBuildFile; fileRef = 877C7EDC2ADC5E960052CF8A /* Preview Assets.xcassets */; };
		877C7EE42ADC61110052CF8A /* TreasuresListView.swift in Sources */ = {isa = PBXBuildFile; fileRef = 877C7EE32ADC61110052CF8A /* TreasuresListView.swift */; };
		877C7EE62ADC62230052CF8A /* DataModel.swift in Sources */ = {isa = PBXBuildFile; fileRef = 877C7EE52ADC62230052CF8A /* DataModel.swift */; };
		877C7EE82ADC640C0052CF8A /* TreasureMapView.swift in Sources */ = {isa = PBXBuildFile; fileRef = 877C7EE72ADC640C0052CF8A /* TreasureMapView.swift */; };
		877C7EEC2ADDEC6B0052CF8A /* TreasureListViewModel.swift in Sources */ = {isa = PBXBuildFile; fileRef = 877C7EEB2ADDEC6B0052CF8A /* TreasureListViewModel.swift */; };
		877C7EEF2ADDFC3A0052CF8A /* TreasureMapViewModel.swift in Sources */ = {isa = PBXBuildFile; fileRef = 877C7EEE2ADDFC3A0052CF8A /* TreasureMapViewModel.swift */; };
		877C7EF12ADE6D0B0052CF8A /* SplashView.swift in Sources */ = {isa = PBXBuildFile; fileRef = 877C7EF02ADE6D0B0052CF8A /* SplashView.swift */; };
/* End PBXBuildFile section */

/* Begin PBXFileReference section */
		877C7ED22ADC5E950052CF8A /* Exercise6_Nguyen_Minh.app */ = {isa = PBXFileReference; explicitFileType = wrapper.application; includeInIndex = 0; path = Exercise6_Nguyen_Minh.app; sourceTree = BUILT_PRODUCTS_DIR; };
		877C7ED52ADC5E950052CF8A /* Exercise6_Nguyen_MinhApp.swift */ = {isa = PBXFileReference; lastKnownFileType = sourcecode.swift; path = Exercise6_Nguyen_MinhApp.swift; sourceTree = "<group>"; };
		877C7ED72ADC5E950052CF8A /* ContentView.swift */ = {isa = PBXFileReference; lastKnownFileType = sourcecode.swift; path = ContentView.swift; sourceTree = "<group>"; };
		877C7ED92ADC5E960052CF8A /* Assets.xcassets */ = {isa = PBXFileReference; lastKnownFileType = folder.assetcatalog; path = Assets.xcassets; sourceTree = "<group>"; };
		877C7EDC2ADC5E960052CF8A /* Preview Assets.xcassets */ = {isa = PBXFileReference; lastKnownFileType = folder.assetcatalog; path = "Preview Assets.xcassets"; sourceTree = "<group>"; };
		877C7EE32ADC61110052CF8A /* TreasuresListView.swift */ = {isa = PBXFileReference; lastKnownFileType = sourcecode.swift; path = TreasuresListView.swift; sourceTree = "<group>"; };
		877C7EE52ADC62230052CF8A /* DataModel.swift */ = {isa = PBXFileReference; lastKnownFileType = sourcecode.swift; path = DataModel.swift; sourceTree = "<group>"; };
		877C7EE72ADC640C0052CF8A /* TreasureMapView.swift */ = {isa = PBXFileReference; lastKnownFileType = sourcecode.swift; path = TreasureMapView.swift; sourceTree = "<group>"; };
		877C7EEB2ADDEC6B0052CF8A /* TreasureListViewModel.swift */ = {isa = PBXFileReference; lastKnownFileType = sourcecode.swift; path = TreasureListViewModel.swift; sourceTree = "<group>"; };
		877C7EEE2ADDFC3A0052CF8A /* TreasureMapViewModel.swift */ = {isa = PBXFileReference; lastKnownFileType = sourcecode.swift; path = TreasureMapViewModel.swift; sourceTree = "<group>"; };
		877C7EF02ADE6D0B0052CF8A /* SplashView.swift */ = {isa = PBXFileReference; lastKnownFileType = sourcecode.swift; path = SplashView.swift; sourceTree = "<group>"; };
/* End PBXFileReference section */

/* Begin PBXFrameworksBuildPhase section */
		877C7ECF2ADC5E950052CF8A /* Frameworks */ = {
			isa = PBXFrameworksBuildPhase;
			buildActionMask = 2147483647;
			files = (
			);
			runOnlyForDeploymentPostprocessing = 0;
		};
/* End PBXFrameworksBuildPhase section */

/* Begin PBXGroup section */
		877C7EC92ADC5E950052CF8A = {
			isa = PBXGroup;
			children = (
				877C7ED42ADC5E950052CF8A /* Exercise6_Nguyen_Minh */,
				877C7ED32ADC5E950052CF8A /* Products */,
			);
			sourceTree = "<group>";
		};
		877C7ED32ADC5E950052CF8A /* Products */ = {
			isa = PBXGroup;
			children = (
				877C7ED22ADC5E950052CF8A /* Exercise6_Nguyen_Minh.app */,
			);
			name = Products;
			sourceTree = "<group>";
		};
		877C7ED42ADC5E950052CF8A /* Exercise6_Nguyen_Minh */ = {
			isa = PBXGroup;
			children = (
				877C7EF22ADE6DA20052CF8A /* Main */,
				877C7EEA2ADDEC3C0052CF8A /* TreasureList */,
				877C7EED2ADDF9E60052CF8A /* TreasureMap */,
				877C7ED92ADC5E960052CF8A /* Assets.xcassets */,
				877C7EDB2ADC5E960052CF8A /* Preview Content */,
			);
			path = Exercise6_Nguyen_Minh;
			sourceTree = "<group>";
		};
		877C7EDB2ADC5E960052CF8A /* Preview Content */ = {
			isa = PBXGroup;
			children = (
				877C7EDC2ADC5E960052CF8A /* Preview Assets.xcassets */,
			);
			path = "Preview Content";
			sourceTree = "<group>";
		};
		877C7EEA2ADDEC3C0052CF8A /* TreasureList */ = {
			isa = PBXGroup;
			children = (
				877C7EE32ADC61110052CF8A /* TreasuresListView.swift */,
				877C7EEB2ADDEC6B0052CF8A /* TreasureListViewModel.swift */,
				877C7EE52ADC62230052CF8A /* DataModel.swift */,
			);
			path = TreasureList;
			sourceTree = "<group>";
		};
		877C7EED2ADDF9E60052CF8A /* TreasureMap */ = {
			isa = PBXGroup;
			children = (
				877C7EE72ADC640C0052CF8A /* TreasureMapView.swift */,
				877C7EEE2ADDFC3A0052CF8A /* TreasureMapViewModel.swift */,
			);
			path = TreasureMap;
			sourceTree = "<group>";
		};
		877C7EF22ADE6DA20052CF8A /* Main */ = {
			isa = PBXGroup;
			children = (
				877C7ED52ADC5E950052CF8A /* Exercise6_Nguyen_MinhApp.swift */,
				877C7ED72ADC5E950052CF8A /* ContentView.swift */,
				877C7EF02ADE6D0B0052CF8A /* SplashView.swift */,
			);
			path = Main;
			sourceTree = "<group>";
		};
/* End PBXGroup section */

/* Begin PBXNativeTarget section */
		877C7ED12ADC5E950052CF8A /* Exercise6_Nguyen_Minh */ = {
			isa = PBXNativeTarget;
			buildConfigurationList = 877C7EE02ADC5E960052CF8A /* Build configuration list for PBXNativeTarget "Exercise6_Nguyen_Minh" */;
			buildPhases = (
				877C7ECE2ADC5E950052CF8A /* Sources */,
				877C7ECF2ADC5E950052CF8A /* Frameworks */,
				877C7ED02ADC5E950052CF8A /* Resources */,
			);
			buildRules = (
			);
			dependencies = (
			);
			name = Exercise6_Nguyen_Minh;
			productName = Exercise6_Nguyen_Minh;
			productReference = 877C7ED22ADC5E950052CF8A /* Exercise6_Nguyen_Minh.app */;
			productType = "com.apple.product-type.application";
		};
/* End PBXNativeTarget section */

/* Begin PBXProject section */
		877C7ECA2ADC5E950052CF8A /* Project object */ = {
			isa = PBXProject;
			attributes = {
				BuildIndependentTargetsInParallel = 1;
				LastSwiftUpdateCheck = 1500;
				LastUpgradeCheck = 1500;
				TargetAttributes = {
					877C7ED12ADC5E950052CF8A = {
						CreatedOnToolsVersion = 15.0;
					};
				};
			};
			buildConfigurationList = 877C7ECD2ADC5E950052CF8A /* Build configuration list for PBXProject "Exercise6_Nguyen_Minh" */;
			compatibilityVersion = "Xcode 14.0";
			developmentRegion = en;
			hasScannedForEncodings = 0;
			knownRegions = (
				en,
				Base,
			);
			mainGroup = 877C7EC92ADC5E950052CF8A;
			productRefGroup = 877C7ED32ADC5E950052CF8A /* Products */;
			projectDirPath = "";
			projectRoot = "";
			targets = (
				877C7ED12ADC5E950052CF8A /* Exercise6_Nguyen_Minh */,
			);
		};
/* End PBXProject section */

/* Begin PBXResourcesBuildPhase section */
		877C7ED02ADC5E950052CF8A /* Resources */ = {
			isa = PBXResourcesBuildPhase;
			buildActionMask = 2147483647;
			files = (
				877C7EDD2ADC5E960052CF8A /* Preview Assets.xcassets in Resources */,
				877C7EDA2ADC5E960052CF8A /* Assets.xcassets in Resources */,
			);
			runOnlyForDeploymentPostprocessing = 0;
		};
/* End PBXResourcesBuildPhase section */

/* Begin PBXSourcesBuildPhase section */
		877C7ECE2ADC5E950052CF8A /* Sources */ = {
			isa = PBXSourcesBuildPhase;
			buildActionMask = 2147483647;
			files = (
				877C7EEF2ADDFC3A0052CF8A /* TreasureMapViewModel.swift in Sources */,
				877C7EF12ADE6D0B0052CF8A /* SplashView.swift in Sources */,
				877C7ED82ADC5E950052CF8A /* ContentView.swift in Sources */,
				877C7EE62ADC62230052CF8A /* DataModel.swift in Sources */,
				877C7EE82ADC640C0052CF8A /* TreasureMapView.swift in Sources */,
				877C7ED62ADC5E950052CF8A /* Exercise6_Nguyen_MinhApp.swift in Sources */,
				877C7EE42ADC61110052CF8A /* TreasuresListView.swift in Sources */,
				877C7EEC2ADDEC6B0052CF8A /* TreasureListViewModel.swift in Sources */,
			);
			runOnlyForDeploymentPostprocessing = 0;
		};
/* End PBXSourcesBuildPhase section */

/* Begin XCBuildConfiguration section */
		877C7EDE2ADC5E960052CF8A /* Debug */ = {
			isa = XCBuildConfiguration;
			buildSettings = {
				ALWAYS_SEARCH_USER_PATHS = NO;
				ASSETCATALOG_COMPILER_GENERATE_SWIFT_ASSET_SYMBOL_EXTENSIONS = YES;
				CLANG_ANALYZER_NONNULL = YES;
				CLANG_ANALYZER_NUMBER_OBJECT_CONVERSION = YES_AGGRESSIVE;
				CLANG_CXX_LANGUAGE_STANDARD = "gnu++20";
				CLANG_ENABLE_MODULES = YES;
				CLANG_ENABLE_OBJC_ARC = YES;
				CLANG_ENABLE_OBJC_WEAK = YES;
				CLANG_WARN_BLOCK_CAPTURE_AUTORELEASING = YES;
				CLANG_WARN_BOOL_CONVERSION = YES;
				CLANG_WARN_COMMA = YES;
				CLANG_WARN_CONSTANT_CONVERSION = YES;
				CLANG_WARN_DEPRECATED_OBJC_IMPLEMENTATIONS = YES;
				CLANG_WARN_DIRECT_OBJC_ISA_USAGE = YES_ERROR;
				CLANG_WARN_DOCUMENTATION_COMMENTS = YES;
				CLANG_WARN_EMPTY_BODY = YES;
				CLANG_WARN_ENUM_CONVERSION = YES;
				CLANG_WARN_INFINITE_RECURSION = YES;
				CLANG_WARN_INT_CONVERSION = YES;
				CLANG_WARN_NON_LITERAL_NULL_CONVERSION = YES;
				CLANG_WARN_OBJC_IMPLICIT_RETAIN_SELF = YES;
				CLANG_WARN_OBJC_LITERAL_CONVERSION = YES;
				CLANG_WARN_OBJC_ROOT_CLASS = YES_ERROR;
				CLANG_WARN_QUOTED_INCLUDE_IN_FRAMEWORK_HEADER = YES;
				CLANG_WARN_RANGE_LOOP_ANALYSIS = YES;
				CLANG_WARN_STRICT_PROTOTYPES = YES;
				CLANG_WARN_SUSPICIOUS_MOVE = YES;
				CLANG_WARN_UNGUARDED_AVAILABILITY = YES_AGGRESSIVE;
				CLANG_WARN_UNREACHABLE_CODE = YES;
				CLANG_WARN__DUPLICATE_METHOD_MATCH = YES;
				COPY_PHASE_STRIP = NO;
				DEBUG_INFORMATION_FORMAT = dwarf;
				ENABLE_STRICT_OBJC_MSGSEND = YES;
				ENABLE_TESTABILITY = YES;
				ENABLE_USER_SCRIPT_SANDBOXING = YES;
				GCC_C_LANGUAGE_STANDARD = gnu17;
				GCC_DYNAMIC_NO_PIC = NO;
				GCC_NO_COMMON_BLOCKS = YES;
				GCC_OPTIMIZATION_LEVEL = 0;
				GCC_PREPROCESSOR_DEFINITIONS = (
					"DEBUG=1",
					"$(inherited)",
				);
				GCC_WARN_64_TO_32_BIT_CONVERSION = YES;
				GCC_WARN_ABOUT_RETURN_TYPE = YES_ERROR;
				GCC_WARN_UNDECLARED_SELECTOR = YES;
				GCC_WARN_UNINITIALIZED_AUTOS = YES_AGGRESSIVE;
				GCC_WARN_UNUSED_FUNCTION = YES;
				GCC_WARN_UNUSED_VARIABLE = YES;
				IPHONEOS_DEPLOYMENT_TARGET = 17.0;
				LOCALIZATION_PREFERS_STRING_CATALOGS = YES;
				MTL_ENABLE_DEBUG_INFO = INCLUDE_SOURCE;
				MTL_FAST_MATH = YES;
				ONLY_ACTIVE_ARCH = YES;
				SDKROOT = iphoneos;
				SWIFT_ACTIVE_COMPILATION_CONDITIONS = "DEBUG $(inherited)";
				SWIFT_OPTIMIZATION_LEVEL = "-Onone";
			};
			name = Debug;
		};
		877C7EDF2ADC5E960052CF8A /* Release */ = {
			isa = XCBuildConfiguration;
			buildSettings = {
				ALWAYS_SEARCH_USER_PATHS = NO;
				ASSETCATALOG_COMPILER_GENERATE_SWIFT_ASSET_SYMBOL_EXTENSIONS = YES;
				CLANG_ANALYZER_NONNULL = YES;
				CLANG_ANALYZER_NUMBER_OBJECT_CONVERSION = YES_AGGRESSIVE;
				CLANG_CXX_LANGUAGE_STANDARD = "gnu++20";
				CLANG_ENABLE_MODULES = YES;
				CLANG_ENABLE_OBJC_ARC = YES;
				CLANG_ENABLE_OBJC_WEAK = YES;
				CLANG_WARN_BLOCK_CAPTURE_AUTORELEASING = YES;
				CLANG_WARN_BOOL_CONVERSION = YES;
				CLANG_WARN_COMMA = YES;
				CLANG_WARN_CONSTANT_CONVERSION = YES;
				CLANG_WARN_DEPRECATED_OBJC_IMPLEMENTATIONS = YES;
				CLANG_WARN_DIRECT_OBJC_ISA_USAGE = YES_ERROR;
				CLANG_WARN_DOCUMENTATION_COMMENTS = YES;
				CLANG_WARN_EMPTY_BODY = YES;
				CLANG_WARN_ENUM_CONVERSION = YES;
				CLANG_WARN_INFINITE_RECURSION = YES;
				CLANG_WARN_INT_CONVERSION = YES;
				CLANG_WARN_NON_LITERAL_NULL_CONVERSION = YES;
				CLANG_WARN_OBJC_IMPLICIT_RETAIN_SELF = YES;
				CLANG_WARN_OBJC_LITERAL_CONVERSION = YES;
				CLANG_WARN_OBJC_ROOT_CLASS = YES_ERROR;
				CLANG_WARN_QUOTED_INCLUDE_IN_FRAMEWORK_HEADER = YES;
				CLANG_WARN_RANGE_LOOP_ANALYSIS = YES;
				CLANG_WARN_STRICT_PROTOTYPES = YES;
				CLANG_WARN_SUSPICIOUS_MOVE = YES;
				CLANG_WARN_UNGUARDED_AVAILABILITY = YES_AGGRESSIVE;
				CLANG_WARN_UNREACHABLE_CODE = YES;
				CLANG_WARN__DUPLICATE_METHOD_MATCH = YES;
				COPY_PHASE_STRIP = NO;
				DEBUG_INFORMATION_FORMAT = "dwarf-with-dsym";
				ENABLE_NS_ASSERTIONS = NO;
				ENABLE_STRICT_OBJC_MSGSEND = YES;
				ENABLE_USER_SCRIPT_SANDBOXING = YES;
				GCC_C_LANGUAGE_STANDARD = gnu17;
				GCC_NO_COMMON_BLOCKS = YES;
				GCC_WARN_64_TO_32_BIT_CONVERSION = YES;
				GCC_WARN_ABOUT_RETURN_TYPE = YES_ERROR;
				GCC_WARN_UNDECLARED_SELECTOR = YES;
				GCC_WARN_UNINITIALIZED_AUTOS = YES_AGGRESSIVE;
				GCC_WARN_UNUSED_FUNCTION = YES;
				GCC_WARN_UNUSED_VARIABLE = YES;
				IPHONEOS_DEPLOYMENT_TARGET = 17.0;
				LOCALIZATION_PREFERS_STRING_CATALOGS = YES;
				MTL_ENABLE_DEBUG_INFO = NO;
				MTL_FAST_MATH = YES;
				SDKROOT = iphoneos;
				SWIFT_COMPILATION_MODE = wholemodule;
				VALIDATE_PRODUCT = YES;
			};
			name = Release;
		};
		877C7EE12ADC5E960052CF8A /* Debug */ = {
			isa = XCBuildConfiguration;
			buildSettings = {
				ASSETCATALOG_COMPILER_APPICON_NAME = AppIcon;
				ASSETCATALOG_COMPILER_GLOBAL_ACCENT_COLOR_NAME = AccentColor;
				CODE_SIGN_STYLE = Automatic;
				CURRENT_PROJECT_VERSION = 1;
				DEVELOPMENT_ASSET_PATHS = "\"Exercise6_Nguyen_Minh/Preview Content\"";
				DEVELOPMENT_TEAM = 3MAS8SWPA3;
				ENABLE_PREVIEWS = YES;
				GENERATE_INFOPLIST_FILE = YES;
				INFOPLIST_KEY_UIApplicationSceneManifest_Generation = YES;
				INFOPLIST_KEY_UIApplicationSupportsIndirectInputEvents = YES;
				INFOPLIST_KEY_UILaunchScreen_Generation = YES;
				INFOPLIST_KEY_UISupportedInterfaceOrientations_iPad = "UIInterfaceOrientationPortrait UIInterfaceOrientationPortraitUpsideDown UIInterfaceOrientationLandscapeLeft UIInterfaceOrientationLandscapeRight";
				INFOPLIST_KEY_UISupportedInterfaceOrientations_iPhone = "UIInterfaceOrientationPortrait UIInterfaceOrientationLandscapeLeft UIInterfaceOrientationLandscapeRight";
				LD_RUNPATH_SEARCH_PATHS = (
					"$(inherited)",
					"@executable_path/Frameworks",
				);
				MARKETING_VERSION = 1.0;
				PRODUCT_BUNDLE_IDENTIFIER = "MN.Exercise6-Nguyen-Minh";
				PRODUCT_NAME = "$(TARGET_NAME)";
				SWIFT_EMIT_LOC_STRINGS = YES;
				SWIFT_VERSION = 5.0;
				TARGETED_DEVICE_FAMILY = "1,2";
			};
			name = Debug;
		};
		877C7EE22ADC5E960052CF8A /* Release */ = {
			isa = XCBuildConfiguration;
			buildSettings = {
				ASSETCATALOG_COMPILER_APPICON_NAME = AppIcon;
				ASSETCATALOG_COMPILER_GLOBAL_ACCENT_COLOR_NAME = AccentColor;
				CODE_SIGN_STYLE = Automatic;
				CURRENT_PROJECT_VERSION = 1;
				DEVELOPMENT_ASSET_PATHS = "\"Exercise6_Nguyen_Minh/Preview Content\"";
				DEVELOPMENT_TEAM = 3MAS8SWPA3;
				ENABLE_PREVIEWS = YES;
				GENERATE_INFOPLIST_FILE = YES;
				INFOPLIST_KEY_UIApplicationSceneManifest_Generation = YES;
				INFOPLIST_KEY_UIApplicationSupportsIndirectInputEvents = YES;
				INFOPLIST_KEY_UILaunchScreen_Generation = YES;
				INFOPLIST_KEY_UISupportedInterfaceOrientations_iPad = "UIInterfaceOrientationPortrait UIInterfaceOrientationPortraitUpsideDown UIInterfaceOrientationLandscapeLeft UIInterfaceOrientationLandscapeRight";
				INFOPLIST_KEY_UISupportedInterfaceOrientations_iPhone = "UIInterfaceOrientationPortrait UIInterfaceOrientationLandscapeLeft UIInterfaceOrientationLandscapeRight";
				LD_RUNPATH_SEARCH_PATHS = (
					"$(inherited)",
					"@executable_path/Frameworks",
				);
				MARKETING_VERSION = 1.0;
				PRODUCT_BUNDLE_IDENTIFIER = "MN.Exercise6-Nguyen-Minh";
				PRODUCT_NAME = "$(TARGET_NAME)";
				SWIFT_EMIT_LOC_STRINGS = YES;
				SWIFT_VERSION = 5.0;
				TARGETED_DEVICE_FAMILY = "1,2";
			};
			name = Release;
		};
/* End XCBuildConfiguration section */

/* Begin XCConfigurationList section */
		877C7ECD2ADC5E950052CF8A /* Build configuration list for PBXProject "Exercise6_Nguyen_Minh" */ = {
			isa = XCConfigurationList;
			buildConfigurations = (
				877C7EDE2ADC5E960052CF8A /* Debug */,
				877C7EDF2ADC5E960052CF8A /* Release */,
			);
			defaultConfigurationIsVisible = 0;
			defaultConfigurationName = Release;
		};
		877C7EE02ADC5E960052CF8A /* Build configuration list for PBXNativeTarget "Exercise6_Nguyen_Minh" */ = {
			isa = XCConfigurationList;
			buildConfigurations = (
				877C7EE12ADC5E960052CF8A /* Debug */,
				877C7EE22ADC5E960052CF8A /* Release */,
			);
			defaultConfigurationIsVisible = 0;
			defaultConfigurationName = Release;
		};
/* End XCConfigurationList section */
	};
	rootObject = 877C7ECA2ADC5E950052CF8A /* Project object */;
}
