// !$*UTF8*$!
{
	archiveVersion = 1;
	classes = {
	};
	objectVersion = 56;
	objects = {

/* Begin PBXBuildFile section */
		876466432B02DA2A001CD1DB /* Exercise8_Nguyen_MinhApp.swift in Sources */ = {isa = PBXBuildFile; fileRef = 876466422B02DA2A001CD1DB /* Exercise8_Nguyen_MinhApp.swift */; };
		876466452B02DA2A001CD1DB /* ContentView.swift in Sources */ = {isa = PBXBuildFile; fileRef = 876466442B02DA2A001CD1DB /* ContentView.swift */; };
		876466472B02DA2B001CD1DB /* Assets.xcassets in Resources */ = {isa = PBXBuildFile; fileRef = 876466462B02DA2B001CD1DB /* Assets.xcassets */; };
		8764664A2B02DA2B001CD1DB /* Preview Assets.xcassets in Resources */ = {isa = PBXBuildFile; fileRef = 876466492B02DA2B001CD1DB /* Preview Assets.xcassets */; };
		876466502B02DA2B001CD1DB /* Exercise8_Nguyen_Minh Watch App.app in Embed Watch Content */ = {isa = PBXBuildFile; fileRef = 8764664F2B02DA2B001CD1DB /* Exercise8_Nguyen_Minh Watch App.app */; settings = {ATTRIBUTES = (RemoveHeadersOnCopy, ); }; };
		876466552B02DA2B001CD1DB /* Exercise8_Nguyen_MinhApp.swift in Sources */ = {isa = PBXBuildFile; fileRef = 876466542B02DA2B001CD1DB /* Exercise8_Nguyen_MinhApp.swift */; };
		876466572B02DA2B001CD1DB /* ContentView.swift in Sources */ = {isa = PBXBuildFile; fileRef = 876466562B02DA2B001CD1DB /* ContentView.swift */; };
		876466592B02DA2C001CD1DB /* Assets.xcassets in Resources */ = {isa = PBXBuildFile; fileRef = 876466582B02DA2C001CD1DB /* Assets.xcassets */; };
		8764665C2B02DA2C001CD1DB /* Preview Assets.xcassets in Resources */ = {isa = PBXBuildFile; fileRef = 8764665B2B02DA2C001CD1DB /* Preview Assets.xcassets */; };
		876466672B02DA54001CD1DB /* Classifier.swift in Sources */ = {isa = PBXBuildFile; fileRef = 876466662B02DA54001CD1DB /* Classifier.swift */; };
		876466692B02DA89001CD1DB /* Resnet50.mlmodel in Sources */ = {isa = PBXBuildFile; fileRef = 876466682B02DA89001CD1DB /* Resnet50.mlmodel */; };
		8764666B2B02DAA7001CD1DB /* ImageClassifier.swift in Sources */ = {isa = PBXBuildFile; fileRef = 8764666A2B02DAA7001CD1DB /* ImageClassifier.swift */; };
		8764666E2B02DAFB001CD1DB /* SyncService.swift in Sources */ = {isa = PBXBuildFile; fileRef = 8764666D2B02DAFB001CD1DB /* SyncService.swift */; };
		8764666F2B02DAFB001CD1DB /* SyncService.swift in Sources */ = {isa = PBXBuildFile; fileRef = 8764666D2B02DAFB001CD1DB /* SyncService.swift */; };
/* End PBXBuildFile section */

/* Begin PBXContainerItemProxy section */
		876466512B02DA2B001CD1DB /* PBXContainerItemProxy */ = {
			isa = PBXContainerItemProxy;
			containerPortal = 876466372B02DA2A001CD1DB /* Project object */;
			proxyType = 1;
			remoteGlobalIDString = 8764664E2B02DA2B001CD1DB;
			remoteInfo = "Exercise8_Nguyen_Minh Watch App";
		};
/* End PBXContainerItemProxy section */

/* Begin PBXCopyFilesBuildPhase section */
		876466622B02DA2C001CD1DB /* Embed Watch Content */ = {
			isa = PBXCopyFilesBuildPhase;
			buildActionMask = 2147483647;
			dstPath = "$(CONTENTS_FOLDER_PATH)/Watch";
			dstSubfolderSpec = 16;
			files = (
				876466502B02DA2B001CD1DB /* Exercise8_Nguyen_Minh Watch App.app in Embed Watch Content */,
			);
			name = "Embed Watch Content";
			runOnlyForDeploymentPostprocessing = 0;
		};
/* End PBXCopyFilesBuildPhase section */

/* Begin PBXFileReference section */
		8764663F2B02DA2A001CD1DB /* Exercise8_Nguyen_Minh.app */ = {isa = PBXFileReference; explicitFileType = wrapper.application; includeInIndex = 0; path = Exercise8_Nguyen_Minh.app; sourceTree = BUILT_PRODUCTS_DIR; };
		876466422B02DA2A001CD1DB /* Exercise8_Nguyen_MinhApp.swift */ = {isa = PBXFileReference; lastKnownFileType = sourcecode.swift; path = Exercise8_Nguyen_MinhApp.swift; sourceTree = "<group>"; };
		876466442B02DA2A001CD1DB /* ContentView.swift */ = {isa = PBXFileReference; lastKnownFileType = sourcecode.swift; path = ContentView.swift; sourceTree = "<group>"; };
		876466462B02DA2B001CD1DB /* Assets.xcassets */ = {isa = PBXFileReference; lastKnownFileType = folder.assetcatalog; path = Assets.xcassets; sourceTree = "<group>"; };
		876466492B02DA2B001CD1DB /* Preview Assets.xcassets */ = {isa = PBXFileReference; lastKnownFileType = folder.assetcatalog; path = "Preview Assets.xcassets"; sourceTree = "<group>"; };
		8764664F2B02DA2B001CD1DB /* Exercise8_Nguyen_Minh Watch App.app */ = {isa = PBXFileReference; explicitFileType = wrapper.application; includeInIndex = 0; path = "Exercise8_Nguyen_Minh Watch App.app"; sourceTree = BUILT_PRODUCTS_DIR; };
		876466542B02DA2B001CD1DB /* Exercise8_Nguyen_MinhApp.swift */ = {isa = PBXFileReference; lastKnownFileType = sourcecode.swift; path = Exercise8_Nguyen_MinhApp.swift; sourceTree = "<group>"; };
		876466562B02DA2B001CD1DB /* ContentView.swift */ = {isa = PBXFileReference; lastKnownFileType = sourcecode.swift; path = ContentView.swift; sourceTree = "<group>"; };
		876466582B02DA2C001CD1DB /* Assets.xcassets */ = {isa = PBXFileReference; lastKnownFileType = folder.assetcatalog; path = Assets.xcassets; sourceTree = "<group>"; };
		8764665B2B02DA2C001CD1DB /* Preview Assets.xcassets */ = {isa = PBXFileReference; lastKnownFileType = folder.assetcatalog; path = "Preview Assets.xcassets"; sourceTree = "<group>"; };
		876466662B02DA54001CD1DB /* Classifier.swift */ = {isa = PBXFileReference; lastKnownFileType = sourcecode.swift; path = Classifier.swift; sourceTree = "<group>"; };
		876466682B02DA89001CD1DB /* Resnet50.mlmodel */ = {isa = PBXFileReference; lastKnownFileType = file.mlmodel; path = Resnet50.mlmodel; sourceTree = "<group>"; };
		8764666A2B02DAA7001CD1DB /* ImageClassifier.swift */ = {isa = PBXFileReference; lastKnownFileType = sourcecode.swift; path = ImageClassifier.swift; sourceTree = "<group>"; };
		8764666D2B02DAFB001CD1DB /* SyncService.swift */ = {isa = PBXFileReference; lastKnownFileType = sourcecode.swift; path = SyncService.swift; sourceTree = "<group>"; };
/* End PBXFileReference section */

/* Begin PBXFrameworksBuildPhase section */
		8764663C2B02DA2A001CD1DB /* Frameworks */ = {
			isa = PBXFrameworksBuildPhase;
			buildActionMask = 2147483647;
			files = (
			);
			runOnlyForDeploymentPostprocessing = 0;
		};
		8764664C2B02DA2B001CD1DB /* Frameworks */ = {
			isa = PBXFrameworksBuildPhase;
			buildActionMask = 2147483647;
			files = (
			);
			runOnlyForDeploymentPostprocessing = 0;
		};
/* End PBXFrameworksBuildPhase section */

/* Begin PBXGroup section */
		876466362B02DA2A001CD1DB = {
			isa = PBXGroup;
			children = (
				8764666C2B02DAE9001CD1DB /* Shared */,
				876466412B02DA2A001CD1DB /* Exercise8_Nguyen_Minh */,
				876466532B02DA2B001CD1DB /* Exercise8_Nguyen_Minh Watch App */,
				876466402B02DA2A001CD1DB /* Products */,
			);
			sourceTree = "<group>";
		};
		876466402B02DA2A001CD1DB /* Products */ = {
			isa = PBXGroup;
			children = (
				8764663F2B02DA2A001CD1DB /* Exercise8_Nguyen_Minh.app */,
				8764664F2B02DA2B001CD1DB /* Exercise8_Nguyen_Minh Watch App.app */,
			);
			name = Products;
			sourceTree = "<group>";
		};
		876466412B02DA2A001CD1DB /* Exercise8_Nguyen_Minh */ = {
			isa = PBXGroup;
			children = (
				876466422B02DA2A001CD1DB /* Exercise8_Nguyen_MinhApp.swift */,
				8764666A2B02DAA7001CD1DB /* ImageClassifier.swift */,
				876466682B02DA89001CD1DB /* Resnet50.mlmodel */,
				876466442B02DA2A001CD1DB /* ContentView.swift */,
				876466662B02DA54001CD1DB /* Classifier.swift */,
				876466462B02DA2B001CD1DB /* Assets.xcassets */,
				876466482B02DA2B001CD1DB /* Preview Content */,
			);
			path = Exercise8_Nguyen_Minh;
			sourceTree = "<group>";
		};
		876466482B02DA2B001CD1DB /* Preview Content */ = {
			isa = PBXGroup;
			children = (
				876466492B02DA2B001CD1DB /* Preview Assets.xcassets */,
			);
			path = "Preview Content";
			sourceTree = "<group>";
		};
		876466532B02DA2B001CD1DB /* Exercise8_Nguyen_Minh Watch App */ = {
			isa = PBXGroup;
			children = (
				876466542B02DA2B001CD1DB /* Exercise8_Nguyen_MinhApp.swift */,
				876466562B02DA2B001CD1DB /* ContentView.swift */,
				876466582B02DA2C001CD1DB /* Assets.xcassets */,
				8764665A2B02DA2C001CD1DB /* Preview Content */,
			);
			path = "Exercise8_Nguyen_Minh Watch App";
			sourceTree = "<group>";
		};
		8764665A2B02DA2C001CD1DB /* Preview Content */ = {
			isa = PBXGroup;
			children = (
				8764665B2B02DA2C001CD1DB /* Preview Assets.xcassets */,
			);
			path = "Preview Content";
			sourceTree = "<group>";
		};
		8764666C2B02DAE9001CD1DB /* Shared */ = {
			isa = PBXGroup;
			children = (
				8764666D2B02DAFB001CD1DB /* SyncService.swift */,
			);
			path = Shared;
			sourceTree = "<group>";
		};
/* End PBXGroup section */

/* Begin PBXNativeTarget section */
		8764663E2B02DA2A001CD1DB /* Exercise8_Nguyen_Minh */ = {
			isa = PBXNativeTarget;
			buildConfigurationList = 876466632B02DA2C001CD1DB /* Build configuration list for PBXNativeTarget "Exercise8_Nguyen_Minh" */;
			buildPhases = (
				8764663B2B02DA2A001CD1DB /* Sources */,
				8764663C2B02DA2A001CD1DB /* Frameworks */,
				8764663D2B02DA2A001CD1DB /* Resources */,
				876466622B02DA2C001CD1DB /* Embed Watch Content */,
			);
			buildRules = (
			);
			dependencies = (
				876466522B02DA2B001CD1DB /* PBXTargetDependency */,
			);
			name = Exercise8_Nguyen_Minh;
			productName = Exercise8_Nguyen_Minh;
			productReference = 8764663F2B02DA2A001CD1DB /* Exercise8_Nguyen_Minh.app */;
			productType = "com.apple.product-type.application";
		};
		8764664E2B02DA2B001CD1DB /* Exercise8_Nguyen_Minh Watch App */ = {
			isa = PBXNativeTarget;
			buildConfigurationList = 8764665F2B02DA2C001CD1DB /* Build configuration list for PBXNativeTarget "Exercise8_Nguyen_Minh Watch App" */;
			buildPhases = (
				8764664B2B02DA2B001CD1DB /* Sources */,
				8764664C2B02DA2B001CD1DB /* Frameworks */,
				8764664D2B02DA2B001CD1DB /* Resources */,
			);
			buildRules = (
			);
			dependencies = (
			);
			name = "Exercise8_Nguyen_Minh Watch App";
			productName = "Exercise8_Nguyen_Minh Watch App";
			productReference = 8764664F2B02DA2B001CD1DB /* Exercise8_Nguyen_Minh Watch App.app */;
			productType = "com.apple.product-type.application";
		};
/* End PBXNativeTarget section */

/* Begin PBXProject section */
		876466372B02DA2A001CD1DB /* Project object */ = {
			isa = PBXProject;
			attributes = {
				BuildIndependentTargetsInParallel = 1;
				LastSwiftUpdateCheck = 1500;
				LastUpgradeCheck = 1500;
				TargetAttributes = {
					8764663E2B02DA2A001CD1DB = {
						CreatedOnToolsVersion = 15.0.1;
					};
					8764664E2B02DA2B001CD1DB = {
						CreatedOnToolsVersion = 15.0.1;
					};
				};
			};
			buildConfigurationList = 8764663A2B02DA2A001CD1DB /* Build configuration list for PBXProject "Exercise8_Nguyen_Minh" */;
			compatibilityVersion = "Xcode 14.0";
			developmentRegion = en;
			hasScannedForEncodings = 0;
			knownRegions = (
				en,
				Base,
			);
			mainGroup = 876466362B02DA2A001CD1DB;
			productRefGroup = 876466402B02DA2A001CD1DB /* Products */;
			projectDirPath = "";
			projectRoot = "";
			targets = (
				8764663E2B02DA2A001CD1DB /* Exercise8_Nguyen_Minh */,
				8764664E2B02DA2B001CD1DB /* Exercise8_Nguyen_Minh Watch App */,
			);
		};
/* End PBXProject section */

/* Begin PBXResourcesBuildPhase section */
		8764663D2B02DA2A001CD1DB /* Resources */ = {
			isa = PBXResourcesBuildPhase;
			buildActionMask = 2147483647;
			files = (
				8764664A2B02DA2B001CD1DB /* Preview Assets.xcassets in Resources */,
				876466472B02DA2B001CD1DB /* Assets.xcassets in Resources */,
			);
			runOnlyForDeploymentPostprocessing = 0;
		};
		8764664D2B02DA2B001CD1DB /* Resources */ = {
			isa = PBXResourcesBuildPhase;
			buildActionMask = 2147483647;
			files = (
				8764665C2B02DA2C001CD1DB /* Preview Assets.xcassets in Resources */,
				876466592B02DA2C001CD1DB /* Assets.xcassets in Resources */,
			);
			runOnlyForDeploymentPostprocessing = 0;
		};
/* End PBXResourcesBuildPhase section */

/* Begin PBXSourcesBuildPhase section */
		8764663B2B02DA2A001CD1DB /* Sources */ = {
			isa = PBXSourcesBuildPhase;
			buildActionMask = 2147483647;
			files = (
				876466452B02DA2A001CD1DB /* ContentView.swift in Sources */,
				876466672B02DA54001CD1DB /* Classifier.swift in Sources */,
				8764666E2B02DAFB001CD1DB /* SyncService.swift in Sources */,
				8764666B2B02DAA7001CD1DB /* ImageClassifier.swift in Sources */,
				876466692B02DA89001CD1DB /* Resnet50.mlmodel in Sources */,
				876466432B02DA2A001CD1DB /* Exercise8_Nguyen_MinhApp.swift in Sources */,
			);
			runOnlyForDeploymentPostprocessing = 0;
		};
		8764664B2B02DA2B001CD1DB /* Sources */ = {
			isa = PBXSourcesBuildPhase;
			buildActionMask = 2147483647;
			files = (
				876466572B02DA2B001CD1DB /* ContentView.swift in Sources */,
				876466552B02DA2B001CD1DB /* Exercise8_Nguyen_MinhApp.swift in Sources */,
				8764666F2B02DAFB001CD1DB /* SyncService.swift in Sources */,
			);
			runOnlyForDeploymentPostprocessing = 0;
		};
/* End PBXSourcesBuildPhase section */

/* Begin PBXTargetDependency section */
		876466522B02DA2B001CD1DB /* PBXTargetDependency */ = {
			isa = PBXTargetDependency;
			target = 8764664E2B02DA2B001CD1DB /* Exercise8_Nguyen_Minh Watch App */;
			targetProxy = 876466512B02DA2B001CD1DB /* PBXContainerItemProxy */;
		};
/* End PBXTargetDependency section */

/* Begin XCBuildConfiguration section */
		8764665D2B02DA2C001CD1DB /* Debug */ = {
			isa = XCBuildConfiguration;
			buildSettings = {
				ALWAYS_SEARCH_USER_PATHS = NO;
				ASSETCATALOG_COMPILER_GENERATE_SWIFT_ASSET_SYMBOL_EXTENSIONS = YES;
				CLANG_ANALYZER_NONNULL = YES;
				CLANG_ANALYZER_NUMBER_OBJECT_CONVERSION = YES_AGGRESSIVE;
				CLANG_CXX_LANGUAGE_STANDARD = "gnu++20";
				CLANG_ENABLE_MODULES = YES;
				CLANG_ENABLE_OBJC_ARC = YES;
				CLANG_ENABLE_OBJC_WEAK = YES;
				CLANG_WARN_BLOCK_CAPTURE_AUTORELEASING = YES;
				CLANG_WARN_BOOL_CONVERSION = YES;
				CLANG_WARN_COMMA = YES;
				CLANG_WARN_CONSTANT_CONVERSION = YES;
				CLANG_WARN_DEPRECATED_OBJC_IMPLEMENTATIONS = YES;
				CLANG_WARN_DIRECT_OBJC_ISA_USAGE = YES_ERROR;
				CLANG_WARN_DOCUMENTATION_COMMENTS = YES;
				CLANG_WARN_EMPTY_BODY = YES;
				CLANG_WARN_ENUM_CONVERSION = YES;
				CLANG_WARN_INFINITE_RECURSION = YES;
				CLANG_WARN_INT_CONVERSION = YES;
				CLANG_WARN_NON_LITERAL_NULL_CONVERSION = YES;
				CLANG_WARN_OBJC_IMPLICIT_RETAIN_SELF = YES;
				CLANG_WARN_OBJC_LITERAL_CONVERSION = YES;
				CLANG_WARN_OBJC_ROOT_CLASS = YES_ERROR;
				CLANG_WARN_QUOTED_INCLUDE_IN_FRAMEWORK_HEADER = YES;
				CLANG_WARN_RANGE_LOOP_ANALYSIS = YES;
				CLANG_WARN_STRICT_PROTOTYPES = YES;
				CLANG_WARN_SUSPICIOUS_MOVE = YES;
				CLANG_WARN_UNGUARDED_AVAILABILITY = YES_AGGRESSIVE;
				CLANG_WARN_UNREACHABLE_CODE = YES;
				CLANG_WARN__DUPLICATE_METHOD_MATCH = YES;
				COPY_PHASE_STRIP = NO;
				DEBUG_INFORMATION_FORMAT = dwarf;
				ENABLE_STRICT_OBJC_MSGSEND = YES;
				ENABLE_TESTABILITY = YES;
				ENABLE_USER_SCRIPT_SANDBOXING = YES;
				GCC_C_LANGUAGE_STANDARD = gnu17;
				GCC_DYNAMIC_NO_PIC = NO;
				GCC_NO_COMMON_BLOCKS = YES;
				GCC_OPTIMIZATION_LEVEL = 0;
				GCC_PREPROCESSOR_DEFINITIONS = (
					"DEBUG=1",
					"$(inherited)",
				);
				GCC_WARN_64_TO_32_BIT_CONVERSION = YES;
				GCC_WARN_ABOUT_RETURN_TYPE = YES_ERROR;
				GCC_WARN_UNDECLARED_SELECTOR = YES;
				GCC_WARN_UNINITIALIZED_AUTOS = YES_AGGRESSIVE;
				GCC_WARN_UNUSED_FUNCTION = YES;
				GCC_WARN_UNUSED_VARIABLE = YES;
				LOCALIZATION_PREFERS_STRING_CATALOGS = YES;
				MTL_ENABLE_DEBUG_INFO = INCLUDE_SOURCE;
				MTL_FAST_MATH = YES;
				ONLY_ACTIVE_ARCH = YES;
				SWIFT_ACTIVE_COMPILATION_CONDITIONS = "DEBUG $(inherited)";
				SWIFT_OPTIMIZATION_LEVEL = "-Onone";
			};
			name = Debug;
		};
		8764665E2B02DA2C001CD1DB /* Release */ = {
			isa = XCBuildConfiguration;
			buildSettings = {
				ALWAYS_SEARCH_USER_PATHS = NO;
				ASSETCATALOG_COMPILER_GENERATE_SWIFT_ASSET_SYMBOL_EXTENSIONS = YES;
				CLANG_ANALYZER_NONNULL = YES;
				CLANG_ANALYZER_NUMBER_OBJECT_CONVERSION = YES_AGGRESSIVE;
				CLANG_CXX_LANGUAGE_STANDARD = "gnu++20";
				CLANG_ENABLE_MODULES = YES;
				CLANG_ENABLE_OBJC_ARC = YES;
				CLANG_ENABLE_OBJC_WEAK = YES;
				CLANG_WARN_BLOCK_CAPTURE_AUTORELEASING = YES;
				CLANG_WARN_BOOL_CONVERSION = YES;
				CLANG_WARN_COMMA = YES;
				CLANG_WARN_CONSTANT_CONVERSION = YES;
				CLANG_WARN_DEPRECATED_OBJC_IMPLEMENTATIONS = YES;
				CLANG_WARN_DIRECT_OBJC_ISA_USAGE = YES_ERROR;
				CLANG_WARN_DOCUMENTATION_COMMENTS = YES;
				CLANG_WARN_EMPTY_BODY = YES;
				CLANG_WARN_ENUM_CONVERSION = YES;
				CLANG_WARN_INFINITE_RECURSION = YES;
				CLANG_WARN_INT_CONVERSION = YES;
				CLANG_WARN_NON_LITERAL_NULL_CONVERSION = YES;
				CLANG_WARN_OBJC_IMPLICIT_RETAIN_SELF = YES;
				CLANG_WARN_OBJC_LITERAL_CONVERSION = YES;
				CLANG_WARN_OBJC_ROOT_CLASS = YES_ERROR;
				CLANG_WARN_QUOTED_INCLUDE_IN_FRAMEWORK_HEADER = YES;
				CLANG_WARN_RANGE_LOOP_ANALYSIS = YES;
				CLANG_WARN_STRICT_PROTOTYPES = YES;
				CLANG_WARN_SUSPICIOUS_MOVE = YES;
				CLANG_WARN_UNGUARDED_AVAILABILITY = YES_AGGRESSIVE;
				CLANG_WARN_UNREACHABLE_CODE = YES;
				CLANG_WARN__DUPLICATE_METHOD_MATCH = YES;
				COPY_PHASE_STRIP = NO;
				DEBUG_INFORMATION_FORMAT = "dwarf-with-dsym";
				ENABLE_NS_ASSERTIONS = NO;
				ENABLE_STRICT_OBJC_MSGSEND = YES;
				ENABLE_USER_SCRIPT_SANDBOXING = YES;
				GCC_C_LANGUAGE_STANDARD = gnu17;
				GCC_NO_COMMON_BLOCKS = YES;
				GCC_WARN_64_TO_32_BIT_CONVERSION = YES;
				GCC_WARN_ABOUT_RETURN_TYPE = YES_ERROR;
				GCC_WARN_UNDECLARED_SELECTOR = YES;
				GCC_WARN_UNINITIALIZED_AUTOS = YES_AGGRESSIVE;
				GCC_WARN_UNUSED_FUNCTION = YES;
				GCC_WARN_UNUSED_VARIABLE = YES;
				LOCALIZATION_PREFERS_STRING_CATALOGS = YES;
				MTL_ENABLE_DEBUG_INFO = NO;
				MTL_FAST_MATH = YES;
				SWIFT_COMPILATION_MODE = wholemodule;
			};
			name = Release;
		};
		876466602B02DA2C001CD1DB /* Debug */ = {
			isa = XCBuildConfiguration;
			buildSettings = {
				ASSETCATALOG_COMPILER_APPICON_NAME = AppIcon;
				ASSETCATALOG_COMPILER_GLOBAL_ACCENT_COLOR_NAME = AccentColor;
				CODE_SIGN_STYLE = Automatic;
				CURRENT_PROJECT_VERSION = 1;
				DEVELOPMENT_ASSET_PATHS = "\"Exercise8_Nguyen_Minh Watch App/Preview Content\"";
				DEVELOPMENT_TEAM = 3MAS8SWPA3;
				ENABLE_PREVIEWS = YES;
				GENERATE_INFOPLIST_FILE = YES;
				INFOPLIST_KEY_CFBundleDisplayName = Exercise8_Nguyen_Minh;
				INFOPLIST_KEY_UISupportedInterfaceOrientations = "UIInterfaceOrientationPortrait UIInterfaceOrientationPortraitUpsideDown";
				INFOPLIST_KEY_WKCompanionAppBundleIdentifier = "MN.Exercise8-Nguyen-Minh";
				LD_RUNPATH_SEARCH_PATHS = (
					"$(inherited)",
					"@executable_path/Frameworks",
				);
				MARKETING_VERSION = 1.0;
				PRODUCT_BUNDLE_IDENTIFIER = "MN.Exercise8-Nguyen-Minh.watchkitapp";
				PRODUCT_NAME = "$(TARGET_NAME)";
				SDKROOT = watchos;
				SKIP_INSTALL = YES;
				SWIFT_EMIT_LOC_STRINGS = YES;
				SWIFT_VERSION = 5.0;
				TARGETED_DEVICE_FAMILY = 4;
				WATCHOS_DEPLOYMENT_TARGET = 10.0;
			};
			name = Debug;
		};
		876466612B02DA2C001CD1DB /* Release */ = {
			isa = XCBuildConfiguration;
			buildSettings = {
				ASSETCATALOG_COMPILER_APPICON_NAME = AppIcon;
				ASSETCATALOG_COMPILER_GLOBAL_ACCENT_COLOR_NAME = AccentColor;
				CODE_SIGN_STYLE = Automatic;
				CURRENT_PROJECT_VERSION = 1;
				DEVELOPMENT_ASSET_PATHS = "\"Exercise8_Nguyen_Minh Watch App/Preview Content\"";
				DEVELOPMENT_TEAM = 3MAS8SWPA3;
				ENABLE_PREVIEWS = YES;
				GENERATE_INFOPLIST_FILE = YES;
				INFOPLIST_KEY_CFBundleDisplayName = Exercise8_Nguyen_Minh;
				INFOPLIST_KEY_UISupportedInterfaceOrientations = "UIInterfaceOrientationPortrait UIInterfaceOrientationPortraitUpsideDown";
				INFOPLIST_KEY_WKCompanionAppBundleIdentifier = "MN.Exercise8-Nguyen-Minh";
				LD_RUNPATH_SEARCH_PATHS = (
					"$(inherited)",
					"@executable_path/Frameworks",
				);
				MARKETING_VERSION = 1.0;
				PRODUCT_BUNDLE_IDENTIFIER = "MN.Exercise8-Nguyen-Minh.watchkitapp";
				PRODUCT_NAME = "$(TARGET_NAME)";
				SDKROOT = watchos;
				SKIP_INSTALL = YES;
				SWIFT_EMIT_LOC_STRINGS = YES;
				SWIFT_VERSION = 5.0;
				TARGETED_DEVICE_FAMILY = 4;
				VALIDATE_PRODUCT = YES;
				WATCHOS_DEPLOYMENT_TARGET = 10.0;
			};
			name = Release;
		};
		876466642B02DA2C001CD1DB /* Debug */ = {
			isa = XCBuildConfiguration;
			buildSettings = {
				ALWAYS_EMBED_SWIFT_STANDARD_LIBRARIES = YES;
				ASSETCATALOG_COMPILER_APPICON_NAME = AppIcon;
				ASSETCATALOG_COMPILER_GLOBAL_ACCENT_COLOR_NAME = AccentColor;
				CODE_SIGN_STYLE = Automatic;
				CURRENT_PROJECT_VERSION = 1;
				DEVELOPMENT_ASSET_PATHS = "\"Exercise8_Nguyen_Minh/Preview Content\"";
				DEVELOPMENT_TEAM = 3MAS8SWPA3;
				ENABLE_PREVIEWS = YES;
				GENERATE_INFOPLIST_FILE = YES;
				INFOPLIST_KEY_CFBundleDisplayName = Exercise8_Nguyen_Minh;
				INFOPLIST_KEY_UIApplicationSceneManifest_Generation = YES;
				INFOPLIST_KEY_UIApplicationSupportsIndirectInputEvents = YES;
				INFOPLIST_KEY_UILaunchScreen_Generation = YES;
				INFOPLIST_KEY_UISupportedInterfaceOrientations_iPad = "UIInterfaceOrientationPortrait UIInterfaceOrientationPortraitUpsideDown UIInterfaceOrientationLandscapeLeft UIInterfaceOrientationLandscapeRight";
				INFOPLIST_KEY_UISupportedInterfaceOrientations_iPhone = "UIInterfaceOrientationPortrait UIInterfaceOrientationLandscapeLeft UIInterfaceOrientationLandscapeRight";
				IPHONEOS_DEPLOYMENT_TARGET = 17.0;
				LD_RUNPATH_SEARCH_PATHS = (
					"$(inherited)",
					"@executable_path/Frameworks",
				);
				MARKETING_VERSION = 1.0;
				PRODUCT_BUNDLE_IDENTIFIER = "MN.Exercise8-Nguyen-Minh";
				PRODUCT_NAME = "$(TARGET_NAME)";
				SDKROOT = iphoneos;
				SWIFT_EMIT_LOC_STRINGS = YES;
				SWIFT_VERSION = 5.0;
				TARGETED_DEVICE_FAMILY = "1,2";
			};
			name = Debug;
		};
		876466652B02DA2C001CD1DB /* Release */ = {
			isa = XCBuildConfiguration;
			buildSettings = {
				ALWAYS_EMBED_SWIFT_STANDARD_LIBRARIES = YES;
				ASSETCATALOG_COMPILER_APPICON_NAME = AppIcon;
				ASSETCATALOG_COMPILER_GLOBAL_ACCENT_COLOR_NAME = AccentColor;
				CODE_SIGN_STYLE = Automatic;
				CURRENT_PROJECT_VERSION = 1;
				DEVELOPMENT_ASSET_PATHS = "\"Exercise8_Nguyen_Minh/Preview Content\"";
				DEVELOPMENT_TEAM = 3MAS8SWPA3;
				ENABLE_PREVIEWS = YES;
				GENERATE_INFOPLIST_FILE = YES;
				INFOPLIST_KEY_CFBundleDisplayName = Exercise8_Nguyen_Minh;
				INFOPLIST_KEY_UIApplicationSceneManifest_Generation = YES;
				INFOPLIST_KEY_UIApplicationSupportsIndirectInputEvents = YES;
				INFOPLIST_KEY_UILaunchScreen_Generation = YES;
				INFOPLIST_KEY_UISupportedInterfaceOrientations_iPad = "UIInterfaceOrientationPortrait UIInterfaceOrientationPortraitUpsideDown UIInterfaceOrientationLandscapeLeft UIInterfaceOrientationLandscapeRight";
				INFOPLIST_KEY_UISupportedInterfaceOrientations_iPhone = "UIInterfaceOrientationPortrait UIInterfaceOrientationLandscapeLeft UIInterfaceOrientationLandscapeRight";
				IPHONEOS_DEPLOYMENT_TARGET = 17.0;
				LD_RUNPATH_SEARCH_PATHS = (
					"$(inherited)",
					"@executable_path/Frameworks",
				);
				MARKETING_VERSION = 1.0;
				PRODUCT_BUNDLE_IDENTIFIER = "MN.Exercise8-Nguyen-Minh";
				PRODUCT_NAME = "$(TARGET_NAME)";
				SDKROOT = iphoneos;
				SWIFT_EMIT_LOC_STRINGS = YES;
				SWIFT_VERSION = 5.0;
				TARGETED_DEVICE_FAMILY = "1,2";
				VALIDATE_PRODUCT = YES;
			};
			name = Release;
		};
/* End XCBuildConfiguration section */

/* Begin XCConfigurationList section */
		8764663A2B02DA2A001CD1DB /* Build configuration list for PBXProject "Exercise8_Nguyen_Minh" */ = {
			isa = XCConfigurationList;
			buildConfigurations = (
				8764665D2B02DA2C001CD1DB /* Debug */,
				8764665E2B02DA2C001CD1DB /* Release */,
			);
			defaultConfigurationIsVisible = 0;
			defaultConfigurationName = Release;
		};
		8764665F2B02DA2C001CD1DB /* Build configuration list for PBXNativeTarget "Exercise8_Nguyen_Minh Watch App" */ = {
			isa = XCConfigurationList;
			buildConfigurations = (
				876466602B02DA2C001CD1DB /* Debug */,
				876466612B02DA2C001CD1DB /* Release */,
			);
			defaultConfigurationIsVisible = 0;
			defaultConfigurationName = Release;
		};
		876466632B02DA2C001CD1DB /* Build configuration list for PBXNativeTarget "Exercise8_Nguyen_Minh" */ = {
			isa = XCConfigurationList;
			buildConfigurations = (
				876466642B02DA2C001CD1DB /* Debug */,
				876466652B02DA2C001CD1DB /* Release */,
			);
			defaultConfigurationIsVisible = 0;
			defaultConfigurationName = Release;
		};
/* End XCConfigurationList section */
	};
	rootObject = 876466372B02DA2A001CD1DB /* Project object */;
}
